
Microsoft Visual Studio Solution File, Format Version 12.00
# Visual Studio 15
VisualStudioVersion = 15.0.28307.489
MinimumVisualStudioVersion = 10.0.40219.1
Project("{FAE04EC0-301F-11D3-BF4B-00C04F79EFBC}") = "ServicioEjemploLocal_01", "ServicioEjemploLocal_01\ServicioEjemploLocal_01.csproj", "{681D52AE-63CC-4464-AEC8-3DEE15571261}"
EndProject
Global
	GlobalSection(SolutionConfigurationPlatforms) = preSolution
		Debug|Any CPU = Debug|Any CPU
		Release|Any CPU = Release|Any CPU
	EndGlobalSection
	GlobalSection(ProjectConfigurationPlatforms) = postSolution
		{681D52AE-63CC-4464-AEC8-3DEE15571261}.Debug|Any CPU.ActiveCfg = Debug|Any CPU
		{681D52AE-63CC-4464-AEC8-3DEE15571261}.Debug|Any CPU.Build.0 = Debug|Any CPU
		{681D52AE-63CC-4464-AEC8-3DEE15571261}.Release|Any CPU.ActiveCfg = Release|Any CPU
		{681D52AE-63CC-4464-AEC8-3DEE15571261}.Release|Any CPU.Build.0 = Release|Any CPU
	EndGlobalSection
	GlobalSection(SolutionProperties) = preSolution
		HideSolutionNode = FALSE
	EndGlobalSection
	GlobalSection(ExtensibilityGlobals) = postSolution
		SolutionGuid = {F80B949E-373A-4D70-ACAC-55662D5BC7D0}
	EndGlobalSection
EndGlobal
